// !$*UTF8*$!
{
	archiveVersion = 1;
	classes = {
	};
	objectVersion = 51;
	objects = {

/* Begin PBXBuildFile section */
		0D37D0C99638535A34D109D3 /* Pods_Engineer_aiDemo2.framework in Frameworks */ = {isa = PBXBuildFile; fileRef = 529D21DC852992017284E1EC /* Pods_Engineer_aiDemo2.framework */; };
		7BA9C3BD23BE178100D92985 /* AppDelegate.swift in Sources */ = {isa = PBXBuildFile; fileRef = 7BA9C3BC23BE178100D92985 /* AppDelegate.swift */; };
		7BA9C3C223BE178100D92985 /* Main.storyboard in Resources */ = {isa = PBXBuildFile; fileRef = 7BA9C3C023BE178100D92985 /* Main.storyboard */; };
		7BA9C3C423BE178100D92985 /* Assets.xcassets in Resources */ = {isa = PBXBuildFile; fileRef = 7BA9C3C323BE178100D92985 /* Assets.xcassets */; };
		7BA9C3C723BE178100D92985 /* LaunchScreen.storyboard in Resources */ = {isa = PBXBuildFile; fileRef = 7BA9C3C523BE178100D92985 /* LaunchScreen.storyboard */; };
		7BA9C3DC23BE1AD200D92985 /* UserViewController.swift in Sources */ = {isa = PBXBuildFile; fileRef = 7BA9C3DB23BE1AD200D92985 /* UserViewController.swift */; };
		7BA9C3E023BE1AEF00D92985 /* UserViewModalController.swift in Sources */ = {isa = PBXBuildFile; fileRef = 7BA9C3DF23BE1AEF00D92985 /* UserViewModalController.swift */; };
		7BA9C3E223BE1AFD00D92985 /* UserViewNavigator.swift in Sources */ = {isa = PBXBuildFile; fileRef = 7BA9C3E123BE1AFD00D92985 /* UserViewNavigator.swift */; };
		7BA9C3E423BE1B0600D92985 /* UserInteractor.swift in Sources */ = {isa = PBXBuildFile; fileRef = 7BA9C3E323BE1B0600D92985 /* UserInteractor.swift */; };
		7BA9C3E623BE1B6200D92985 /* ImageCollectionViewCell.swift in Sources */ = {isa = PBXBuildFile; fileRef = 7BA9C3E523BE1B6200D92985 /* ImageCollectionViewCell.swift */; };
		7BA9C3E823BE1B7500D92985 /* HeaderCollectionReusableView.swift in Sources */ = {isa = PBXBuildFile; fileRef = 7BA9C3E723BE1B7500D92985 /* HeaderCollectionReusableView.swift */; };
		7BA9C3EA23BE1C2900D92985 /* APIRouter.swift in Sources */ = {isa = PBXBuildFile; fileRef = 7BA9C3E923BE1C2900D92985 /* APIRouter.swift */; };
		7BA9C3EC23BE1C3100D92985 /* APIManager.swift in Sources */ = {isa = PBXBuildFile; fileRef = 7BA9C3EB23BE1C3100D92985 /* APIManager.swift */; };
		7BA9C3EE23BE1C4600D92985 /* Constant.swift in Sources */ = {isa = PBXBuildFile; fileRef = 7BA9C3ED23BE1C4600D92985 /* Constant.swift */; };
		7BA9C3F023BE208800D92985 /* User.swift in Sources */ = {isa = PBXBuildFile; fileRef = 7BA9C3EF23BE208800D92985 /* User.swift */; };
		7BA9C3F323BE2A2600D92985 /* UIImage + Extension.swift in Sources */ = {isa = PBXBuildFile; fileRef = 7BA9C3F223BE2A2600D92985 /* UIImage + Extension.swift */; };
/* End PBXBuildFile section */

/* Begin PBXFileReference section */
		0226999D97BEC514254F8B7F /* Pods-Engineer.aiDemo2.release.xcconfig */ = {isa = PBXFileReference; includeInIndex = 1; lastKnownFileType = text.xcconfig; name = "Pods-Engineer.aiDemo2.release.xcconfig"; path = "Target Support Files/Pods-Engineer.aiDemo2/Pods-Engineer.aiDemo2.release.xcconfig"; sourceTree = "<group>"; };
		17BA666DE05264A0DC8CC4A5 /* Pods-Engineer.aiDemo2.debug.xcconfig */ = {isa = PBXFileReference; includeInIndex = 1; lastKnownFileType = text.xcconfig; name = "Pods-Engineer.aiDemo2.debug.xcconfig"; path = "Target Support Files/Pods-Engineer.aiDemo2/Pods-Engineer.aiDemo2.debug.xcconfig"; sourceTree = "<group>"; };
		529D21DC852992017284E1EC /* Pods_Engineer_aiDemo2.framework */ = {isa = PBXFileReference; explicitFileType = wrapper.framework; includeInIndex = 0; path = Pods_Engineer_aiDemo2.framework; sourceTree = BUILT_PRODUCTS_DIR; };
		7BA9C3B923BE178100D92985 /* Engineer.aiDemo2.app */ = {isa = PBXFileReference; explicitFileType = wrapper.application; includeInIndex = 0; path = Engineer.aiDemo2.app; sourceTree = BUILT_PRODUCTS_DIR; };
		7BA9C3BC23BE178100D92985 /* AppDelegate.swift */ = {isa = PBXFileReference; lastKnownFileType = sourcecode.swift; path = AppDelegate.swift; sourceTree = "<group>"; };
		7BA9C3C123BE178100D92985 /* Base */ = {isa = PBXFileReference; lastKnownFileType = file.storyboard; name = Base; path = Base.lproj/Main.storyboard; sourceTree = "<group>"; };
		7BA9C3C323BE178100D92985 /* Assets.xcassets */ = {isa = PBXFileReference; lastKnownFileType = folder.assetcatalog; path = Assets.xcassets; sourceTree = "<group>"; };
		7BA9C3C623BE178100D92985 /* Base */ = {isa = PBXFileReference; lastKnownFileType = file.storyboard; name = Base; path = Base.lproj/LaunchScreen.storyboard; sourceTree = "<group>"; };
		7BA9C3C823BE178100D92985 /* Info.plist */ = {isa = PBXFileReference; lastKnownFileType = text.plist.xml; path = Info.plist; sourceTree = "<group>"; };
		7BA9C3DB23BE1AD200D92985 /* UserViewController.swift */ = {isa = PBXFileReference; lastKnownFileType = sourcecode.swift; path = UserViewController.swift; sourceTree = "<group>"; };
		7BA9C3DF23BE1AEF00D92985 /* UserViewModalController.swift */ = {isa = PBXFileReference; lastKnownFileType = sourcecode.swift; path = UserViewModalController.swift; sourceTree = "<group>"; };
		7BA9C3E123BE1AFD00D92985 /* UserViewNavigator.swift */ = {isa = PBXFileReference; lastKnownFileType = sourcecode.swift; path = UserViewNavigator.swift; sourceTree = "<group>"; };
		7BA9C3E323BE1B0600D92985 /* UserInteractor.swift */ = {isa = PBXFileReference; lastKnownFileType = sourcecode.swift; path = UserInteractor.swift; sourceTree = "<group>"; };
		7BA9C3E523BE1B6200D92985 /* ImageCollectionViewCell.swift */ = {isa = PBXFileReference; lastKnownFileType = sourcecode.swift; path = ImageCollectionViewCell.swift; sourceTree = "<group>"; };
		7BA9C3E723BE1B7500D92985 /* HeaderCollectionReusableView.swift */ = {isa = PBXFileReference; lastKnownFileType = sourcecode.swift; path = HeaderCollectionReusableView.swift; sourceTree = "<group>"; };
		7BA9C3E923BE1C2900D92985 /* APIRouter.swift */ = {isa = PBXFileReference; lastKnownFileType = sourcecode.swift; path = APIRouter.swift; sourceTree = "<group>"; };
		7BA9C3EB23BE1C3100D92985 /* APIManager.swift */ = {isa = PBXFileReference; lastKnownFileType = sourcecode.swift; path = APIManager.swift; sourceTree = "<group>"; };
		7BA9C3ED23BE1C4600D92985 /* Constant.swift */ = {isa = PBXFileReference; lastKnownFileType = sourcecode.swift; path = Constant.swift; sourceTree = "<group>"; };
		7BA9C3EF23BE208800D92985 /* User.swift */ = {isa = PBXFileReference; lastKnownFileType = sourcecode.swift; path = User.swift; sourceTree = "<group>"; };
		7BA9C3F223BE2A2600D92985 /* UIImage + Extension.swift */ = {isa = PBXFileReference; lastKnownFileType = sourcecode.swift; path = "UIImage + Extension.swift"; sourceTree = "<group>"; };
/* End PBXFileReference section */

/* Begin PBXFrameworksBuildPhase section */
		7BA9C3B623BE178100D92985 /* Frameworks */ = {
			isa = PBXFrameworksBuildPhase;
			buildActionMask = 2147483647;
			files = (
				0D37D0C99638535A34D109D3 /* Pods_Engineer_aiDemo2.framework in Frameworks */,
			);
			runOnlyForDeploymentPostprocessing = 0;
		};
/* End PBXFrameworksBuildPhase section */

/* Begin PBXGroup section */
		53D92CE65F2DE39C2AB1F265 /* Pods */ = {
			isa = PBXGroup;
			children = (
				17BA666DE05264A0DC8CC4A5 /* Pods-Engineer.aiDemo2.debug.xcconfig */,
				0226999D97BEC514254F8B7F /* Pods-Engineer.aiDemo2.release.xcconfig */,
			);
			path = Pods;
			sourceTree = "<group>";
		};
		7BA9C3B023BE178100D92985 = {
			isa = PBXGroup;
			children = (
				7BA9C3BB23BE178100D92985 /* Engineer.aiDemo2 */,
				7BA9C3BA23BE178100D92985 /* Products */,
				53D92CE65F2DE39C2AB1F265 /* Pods */,
				E08A419A557501C7543A77BE /* Frameworks */,
			);
			sourceTree = "<group>";
		};
		7BA9C3BA23BE178100D92985 /* Products */ = {
			isa = PBXGroup;
			children = (
				7BA9C3B923BE178100D92985 /* Engineer.aiDemo2.app */,
			);
			name = Products;
			sourceTree = "<group>";
		};
		7BA9C3BB23BE178100D92985 /* Engineer.aiDemo2 */ = {
			isa = PBXGroup;
			children = (
				7BA9C3BC23BE178100D92985 /* AppDelegate.swift */,
				7BA9C3CF23BE183F00D92985 /* Modal */,
				7BA9C3D023BE183F00D92985 /* Networking */,
				7BA9C3CE23BE183F00D92985 /* Scence */,
				7BA9C3D123BE184500D92985 /* Storyboard */,
				7BA9C3D223BE185D00D92985 /* Tools */,
				7BA9C3C823BE178100D92985 /* Info.plist */,
			);
			path = Engineer.aiDemo2;
			sourceTree = "<group>";
		};
		7BA9C3CE23BE183F00D92985 /* Scence */ = {
			isa = PBXGroup;
			children = (
				7BA9C3DA23BE1AB100D92985 /* User */,
			);
			path = Scence;
			sourceTree = "<group>";
		};
		7BA9C3CF23BE183F00D92985 /* Modal */ = {
			isa = PBXGroup;
			children = (
				7BA9C3EF23BE208800D92985 /* User.swift */,
			);
			path = Modal;
			sourceTree = "<group>";
		};
		7BA9C3D023BE183F00D92985 /* Networking */ = {
			isa = PBXGroup;
			children = (
				7BA9C3E923BE1C2900D92985 /* APIRouter.swift */,
				7BA9C3EB23BE1C3100D92985 /* APIManager.swift */,
			);
			path = Networking;
			sourceTree = "<group>";
		};
		7BA9C3D123BE184500D92985 /* Storyboard */ = {
			isa = PBXGroup;
			children = (
				7BA9C3C023BE178100D92985 /* Main.storyboard */,
				7BA9C3C523BE178100D92985 /* LaunchScreen.storyboard */,
			);
			path = Storyboard;
			sourceTree = "<group>";
		};
		7BA9C3D223BE185D00D92985 /* Tools */ = {
			isa = PBXGroup;
			children = (
				7BA9C3F123BE2A1400D92985 /* Extension */,
				7BA9C3D423BE187500D92985 /* Constants */,
				7BA9C3D323BE187500D92985 /* Localization */,
				7BA9C3C323BE178100D92985 /* Assets.xcassets */,
			);
			path = Tools;
			sourceTree = "<group>";
		};
		7BA9C3D323BE187500D92985 /* Localization */ = {
			isa = PBXGroup;
			children = (
			);
			path = Localization;
			sourceTree = "<group>";
		};
		7BA9C3D423BE187500D92985 /* Constants */ = {
			isa = PBXGroup;
			children = (
				7BA9C3ED23BE1C4600D92985 /* Constant.swift */,
			);
			path = Constants;
			sourceTree = "<group>";
		};
		7BA9C3D523BE1AAB00D92985 /* Interactor */ = {
			isa = PBXGroup;
			children = (
				7BA9C3E323BE1B0600D92985 /* UserInteractor.swift */,
			);
			path = Interactor;
			sourceTree = "<group>";
		};
		7BA9C3D623BE1AAB00D92985 /* View */ = {
			isa = PBXGroup;
			children = (
				7BA9C3E523BE1B6200D92985 /* ImageCollectionViewCell.swift */,
				7BA9C3E723BE1B7500D92985 /* HeaderCollectionReusableView.swift */,
			);
			path = View;
			sourceTree = "<group>";
		};
		7BA9C3D723BE1AAB00D92985 /* ViewNavigator */ = {
			isa = PBXGroup;
			children = (
				7BA9C3E123BE1AFD00D92985 /* UserViewNavigator.swift */,
			);
			path = ViewNavigator;
			sourceTree = "<group>";
		};
		7BA9C3D823BE1AAB00D92985 /* ViewController */ = {
			isa = PBXGroup;
			children = (
				7BA9C3DB23BE1AD200D92985 /* UserViewController.swift */,
			);
			path = ViewController;
			sourceTree = "<group>";
		};
		7BA9C3D923BE1AAB00D92985 /* ViewModal */ = {
			isa = PBXGroup;
			children = (
				7BA9C3DF23BE1AEF00D92985 /* UserViewModalController.swift */,
			);
			path = ViewModal;
			sourceTree = "<group>";
		};
		7BA9C3DA23BE1AB100D92985 /* User */ = {
			isa = PBXGroup;
			children = (
				7BA9C3D523BE1AAB00D92985 /* Interactor */,
				7BA9C3D623BE1AAB00D92985 /* View */,
				7BA9C3D823BE1AAB00D92985 /* ViewController */,
				7BA9C3D923BE1AAB00D92985 /* ViewModal */,
				7BA9C3D723BE1AAB00D92985 /* ViewNavigator */,
			);
			path = User;
			sourceTree = "<group>";
		};
		7BA9C3F123BE2A1400D92985 /* Extension */ = {
			isa = PBXGroup;
			children = (
				7BA9C3F223BE2A2600D92985 /* UIImage + Extension.swift */,
			);
			path = Extension;
			sourceTree = "<group>";
		};
		E08A419A557501C7543A77BE /* Frameworks */ = {
			isa = PBXGroup;
			children = (
				529D21DC852992017284E1EC /* Pods_Engineer_aiDemo2.framework */,
			);
			name = Frameworks;
			sourceTree = "<group>";
		};
/* End PBXGroup section */

/* Begin PBXNativeTarget section */
		7BA9C3B823BE178100D92985 /* Engineer.aiDemo2 */ = {
			isa = PBXNativeTarget;
			buildConfigurationList = 7BA9C3CB23BE178100D92985 /* Build configuration list for PBXNativeTarget "Engineer.aiDemo2" */;
			buildPhases = (
				DA5FF536BE5EB6DF6BC9D182 /* [CP] Check Pods Manifest.lock */,
				7BA9C3B523BE178100D92985 /* Sources */,
				7BA9C3B623BE178100D92985 /* Frameworks */,
				7BA9C3B723BE178100D92985 /* Resources */,
				CFBECAD2E519FDF0582D65CC /* [CP] Embed Pods Frameworks */,
			);
			buildRules = (
			);
			dependencies = (
			);
			name = Engineer.aiDemo2;
			productName = Engineer.aiDemo2;
			productReference = 7BA9C3B923BE178100D92985 /* Engineer.aiDemo2.app */;
			productType = "com.apple.product-type.application";
		};
/* End PBXNativeTarget section */

/* Begin PBXProject section */
		7BA9C3B123BE178100D92985 /* Project object */ = {
			isa = PBXProject;
			attributes = {
				LastSwiftUpdateCheck = 1030;
				LastUpgradeCheck = 1030;
				ORGANIZATIONNAME = PCQ177;
				TargetAttributes = {
					7BA9C3B823BE178100D92985 = {
						CreatedOnToolsVersion = 10.3;
					};
				};
			};
			buildConfigurationList = 7BA9C3B423BE178100D92985 /* Build configuration list for PBXProject "Engineer.aiDemo2" */;
			compatibilityVersion = "Xcode 9.3";
			developmentRegion = en;
			hasScannedForEncodings = 0;
			knownRegions = (
				en,
				Base,
			);
			mainGroup = 7BA9C3B023BE178100D92985;
			productRefGroup = 7BA9C3BA23BE178100D92985 /* Products */;
			projectDirPath = "";
			projectRoot = "";
			targets = (
				7BA9C3B823BE178100D92985 /* Engineer.aiDemo2 */,
			);
		};
/* End PBXProject section */

/* Begin PBXResourcesBuildPhase section */
		7BA9C3B723BE178100D92985 /* Resources */ = {
			isa = PBXResourcesBuildPhase;
			buildActionMask = 2147483647;
			files = (
				7BA9C3C723BE178100D92985 /* LaunchScreen.storyboard in Resources */,
				7BA9C3C423BE178100D92985 /* Assets.xcassets in Resources */,
				7BA9C3C223BE178100D92985 /* Main.storyboard in Resources */,
			);
			runOnlyForDeploymentPostprocessing = 0;
		};
/* End PBXResourcesBuildPhase section */

/* Begin PBXShellScriptBuildPhase section */
		CFBECAD2E519FDF0582D65CC /* [CP] Embed Pods Frameworks */ = {
			isa = PBXShellScriptBuildPhase;
			buildActionMask = 2147483647;
			files = (
			);
			inputFileListPaths = (
				"${PODS_ROOT}/Target Support Files/Pods-Engineer.aiDemo2/Pods-Engineer.aiDemo2-frameworks-${CONFIGURATION}-input-files.xcfilelist",
			);
			name = "[CP] Embed Pods Frameworks";
			outputFileListPaths = (
				"${PODS_ROOT}/Target Support Files/Pods-Engineer.aiDemo2/Pods-Engineer.aiDemo2-frameworks-${CONFIGURATION}-output-files.xcfilelist",
			);
			runOnlyForDeploymentPostprocessing = 0;
			shellPath = /bin/sh;
			shellScript = "\"${PODS_ROOT}/Target Support Files/Pods-Engineer.aiDemo2/Pods-Engineer.aiDemo2-frameworks.sh\"\n";
			showEnvVarsInLog = 0;
		};
		DA5FF536BE5EB6DF6BC9D182 /* [CP] Check Pods Manifest.lock */ = {
			isa = PBXShellScriptBuildPhase;
			buildActionMask = 2147483647;
			files = (
			);
			inputFileListPaths = (
			);
			inputPaths = (
				"${PODS_PODFILE_DIR_PATH}/Podfile.lock",
				"${PODS_ROOT}/Manifest.lock",
			);
			name = "[CP] Check Pods Manifest.lock";
			outputFileListPaths = (
			);
			outputPaths = (
				"$(DERIVED_FILE_DIR)/Pods-Engineer.aiDemo2-checkManifestLockResult.txt",
			);
			runOnlyForDeploymentPostprocessing = 0;
			shellPath = /bin/sh;
			shellScript = "diff \"${PODS_PODFILE_DIR_PATH}/Podfile.lock\" \"${PODS_ROOT}/Manifest.lock\" > /dev/null\nif [ $? != 0 ] ; then\n    # print error to STDERR\n    echo \"error: The sandbox is not in sync with the Podfile.lock. Run 'pod install' or update your CocoaPods installation.\" >&2\n    exit 1\nfi\n# This output is used by Xcode 'outputs' to avoid re-running this script phase.\necho \"SUCCESS\" > \"${SCRIPT_OUTPUT_FILE_0}\"\n";
			showEnvVarsInLog = 0;
		};
/* End PBXShellScriptBuildPhase section */

/* Begin PBXSourcesBuildPhase section */
		7BA9C3B523BE178100D92985 /* Sources */ = {
			isa = PBXSourcesBuildPhase;
			buildActionMask = 2147483647;
			files = (
				7BA9C3E823BE1B7500D92985 /* HeaderCollectionReusableView.swift in Sources */,
				7BA9C3E623BE1B6200D92985 /* ImageCollectionViewCell.swift in Sources */,
				7BA9C3BD23BE178100D92985 /* AppDelegate.swift in Sources */,
				7BA9C3EC23BE1C3100D92985 /* APIManager.swift in Sources */,
				7BA9C3E423BE1B0600D92985 /* UserInteractor.swift in Sources */,
				7BA9C3F323BE2A2600D92985 /* UIImage + Extension.swift in Sources */,
				7BA9C3DC23BE1AD200D92985 /* UserViewController.swift in Sources */,
				7BA9C3EA23BE1C2900D92985 /* APIRouter.swift in Sources */,
				7BA9C3EE23BE1C4600D92985 /* Constant.swift in Sources */,
				7BA9C3E023BE1AEF00D92985 /* UserViewModalController.swift in Sources */,
				7BA9C3E223BE1AFD00D92985 /* UserViewNavigator.swift in Sources */,
				7BA9C3F023BE208800D92985 /* User.swift in Sources */,
			);
			runOnlyForDeploymentPostprocessing = 0;
		};
/* End PBXSourcesBuildPhase section */

/* Begin PBXVariantGroup section */
		7BA9C3C023BE178100D92985 /* Main.storyboard */ = {
			isa = PBXVariantGroup;
			children = (
				7BA9C3C123BE178100D92985 /* Base */,
			);
			name = Main.storyboard;
			sourceTree = "<group>";
		};
		7BA9C3C523BE178100D92985 /* LaunchScreen.storyboard */ = {
			isa = PBXVariantGroup;
			children = (
				7BA9C3C623BE178100D92985 /* Base */,
			);
			name = LaunchScreen.storyboard;
			sourceTree = "<group>";
		};
/* End PBXVariantGroup section */

/* Begin XCBuildConfiguration section */
		7BA9C3C923BE178100D92985 /* Debug */ = {
			isa = XCBuildConfiguration;
			buildSettings = {
				ALWAYS_SEARCH_USER_PATHS = NO;
				CLANG_ANALYZER_NONNULL = YES;
				CLANG_ANALYZER_NUMBER_OBJECT_CONVERSION = YES_AGGRESSIVE;
				CLANG_CXX_LANGUAGE_STANDARD = "gnu++14";
				CLANG_CXX_LIBRARY = "libc++";
				CLANG_ENABLE_MODULES = YES;
				CLANG_ENABLE_OBJC_ARC = YES;
				CLANG_ENABLE_OBJC_WEAK = YES;
				CLANG_WARN_BLOCK_CAPTURE_AUTORELEASING = YES;
				CLANG_WARN_BOOL_CONVERSION = YES;
				CLANG_WARN_COMMA = YES;
				CLANG_WARN_CONSTANT_CONVERSION = YES;
				CLANG_WARN_DEPRECATED_OBJC_IMPLEMENTATIONS = YES;
				CLANG_WARN_DIRECT_OBJC_ISA_USAGE = YES_ERROR;
				CLANG_WARN_DOCUMENTATION_COMMENTS = YES;
				CLANG_WARN_EMPTY_BODY = YES;
				CLANG_WARN_ENUM_CONVERSION = YES;
				CLANG_WARN_INFINITE_RECURSION = YES;
				CLANG_WARN_INT_CONVERSION = YES;
				CLANG_WARN_NON_LITERAL_NULL_CONVERSION = YES;
				CLANG_WARN_OBJC_IMPLICIT_RETAIN_SELF = YES;
				CLANG_WARN_OBJC_LITERAL_CONVERSION = YES;
				CLANG_WARN_OBJC_ROOT_CLASS = YES_ERROR;
				CLANG_WARN_RANGE_LOOP_ANALYSIS = YES;
				CLANG_WARN_STRICT_PROTOTYPES = YES;
				CLANG_WARN_SUSPICIOUS_MOVE = YES;
				CLANG_WARN_UNGUARDED_AVAILABILITY = YES_AGGRESSIVE;
				CLANG_WARN_UNREACHABLE_CODE = YES;
				CLANG_WARN__DUPLICATE_METHOD_MATCH = YES;
				CODE_SIGN_IDENTITY = "iPhone Developer";
				COPY_PHASE_STRIP = NO;
				DEBUG_INFORMATION_FORMAT = dwarf;
				ENABLE_STRICT_OBJC_MSGSEND = YES;
				ENABLE_TESTABILITY = YES;
				GCC_C_LANGUAGE_STANDARD = gnu11;
				GCC_DYNAMIC_NO_PIC = NO;
				GCC_NO_COMMON_BLOCKS = YES;
				GCC_OPTIMIZATION_LEVEL = 0;
				GCC_PREPROCESSOR_DEFINITIONS = (
					"DEBUG=1",
					"$(inherited)",
				);
				GCC_WARN_64_TO_32_BIT_CONVERSION = YES;
				GCC_WARN_ABOUT_RETURN_TYPE = YES_ERROR;
				GCC_WARN_UNDECLARED_SELECTOR = YES;
				GCC_WARN_UNINITIALIZED_AUTOS = YES_AGGRESSIVE;
				GCC_WARN_UNUSED_FUNCTION = YES;
				GCC_WARN_UNUSED_VARIABLE = YES;
				IPHONEOS_DEPLOYMENT_TARGET = 12.4;
				MTL_ENABLE_DEBUG_INFO = INCLUDE_SOURCE;
				MTL_FAST_MATH = YES;
				ONLY_ACTIVE_ARCH = YES;
				SDKROOT = iphoneos;
				SWIFT_ACTIVE_COMPILATION_CONDITIONS = DEBUG;
				SWIFT_OPTIMIZATION_LEVEL = "-Onone";
			};
			name = Debug;
		};
		7BA9C3CA23BE178100D92985 /* Release */ = {
			isa = XCBuildConfiguration;
			buildSettings = {
				ALWAYS_SEARCH_USER_PATHS = NO;
				CLANG_ANALYZER_NONNULL = YES;
				CLANG_ANALYZER_NUMBER_OBJECT_CONVERSION = YES_AGGRESSIVE;
				CLANG_CXX_LANGUAGE_STANDARD = "gnu++14";
				CLANG_CXX_LIBRARY = "libc++";
				CLANG_ENABLE_MODULES = YES;
				CLANG_ENABLE_OBJC_ARC = YES;
				CLANG_ENABLE_OBJC_WEAK = YES;
				CLANG_WARN_BLOCK_CAPTURE_AUTORELEASING = YES;
				CLANG_WARN_BOOL_CONVERSION = YES;
				CLANG_WARN_COMMA = YES;
				CLANG_WARN_CONSTANT_CONVERSION = YES;
				CLANG_WARN_DEPRECATED_OBJC_IMPLEMENTATIONS = YES;
				CLANG_WARN_DIRECT_OBJC_ISA_USAGE = YES_ERROR;
				CLANG_WARN_DOCUMENTATION_COMMENTS = YES;
				CLANG_WARN_EMPTY_BODY = YES;
				CLANG_WARN_ENUM_CONVERSION = YES;
				CLANG_WARN_INFINITE_RECURSION = YES;
				CLANG_WARN_INT_CONVERSION = YES;
				CLANG_WARN_NON_LITERAL_NULL_CONVERSION = YES;
				CLANG_WARN_OBJC_IMPLICIT_RETAIN_SELF = YES;
				CLANG_WARN_OBJC_LITERAL_CONVERSION = YES;
				CLANG_WARN_OBJC_ROOT_CLASS = YES_ERROR;
				CLANG_WARN_RANGE_LOOP_ANALYSIS = YES;
				CLANG_WARN_STRICT_PROTOTYPES = YES;
				CLANG_WARN_SUSPICIOUS_MOVE = YES;
				CLANG_WARN_UNGUARDED_AVAILABILITY = YES_AGGRESSIVE;
				CLANG_WARN_UNREACHABLE_CODE = YES;
				CLANG_WARN__DUPLICATE_METHOD_MATCH = YES;
				CODE_SIGN_IDENTITY = "iPhone Developer";
				COPY_PHASE_STRIP = NO;
				DEBUG_INFORMATION_FORMAT = "dwarf-with-dsym";
				ENABLE_NS_ASSERTIONS = NO;
				ENABLE_STRICT_OBJC_MSGSEND = YES;
				GCC_C_LANGUAGE_STANDARD = gnu11;
				GCC_NO_COMMON_BLOCKS = YES;
				GCC_WARN_64_TO_32_BIT_CONVERSION = YES;
				GCC_WARN_ABOUT_RETURN_TYPE = YES_ERROR;
				GCC_WARN_UNDECLARED_SELECTOR = YES;
				GCC_WARN_UNINITIALIZED_AUTOS = YES_AGGRESSIVE;
				GCC_WARN_UNUSED_FUNCTION = YES;
				GCC_WARN_UNUSED_VARIABLE = YES;
				IPHONEOS_DEPLOYMENT_TARGET = 12.4;
				MTL_ENABLE_DEBUG_INFO = NO;
				MTL_FAST_MATH = YES;
				SDKROOT = iphoneos;
				SWIFT_COMPILATION_MODE = wholemodule;
				SWIFT_OPTIMIZATION_LEVEL = "-O";
				VALIDATE_PRODUCT = YES;
			};
			name = Release;
		};
		7BA9C3CC23BE178100D92985 /* Debug */ = {
			isa = XCBuildConfiguration;
			baseConfigurationReference = 17BA666DE05264A0DC8CC4A5 /* Pods-Engineer.aiDemo2.debug.xcconfig */;
			buildSettings = {
				ASSETCATALOG_COMPILER_APPICON_NAME = AppIcon;
				CODE_SIGN_STYLE = Automatic;
				INFOPLIST_FILE = Engineer.aiDemo2/Info.plist;
				LD_RUNPATH_SEARCH_PATHS = (
					"$(inherited)",
					"@executable_path/Frameworks",
				);
				PRODUCT_BUNDLE_IDENTIFIER = "com.bundle.StripeDemo.Engineer-aiDemo2";
				PRODUCT_NAME = "$(TARGET_NAME)";
				SWIFT_VERSION = 5.0;
				TARGETED_DEVICE_FAMILY = "1,2";
			};
			name = Debug;
		};
		7BA9C3CD23BE178100D92985 /* Release */ = {
			isa = XCBuildConfiguration;
			baseConfigurationReference = 0226999D97BEC514254F8B7F /* Pods-Engineer.aiDemo2.release.xcconfig */;
			buildSettings = {
				ASSETCATALOG_COMPILER_APPICON_NAME = AppIcon;
				CODE_SIGN_STYLE = Automatic;
				INFOPLIST_FILE = Engineer.aiDemo2/Info.plist;
				LD_RUNPATH_SEARCH_PATHS = (
					"$(inherited)",
					"@executable_path/Frameworks",
				);
				PRODUCT_BUNDLE_IDENTIFIER = "com.bundle.StripeDemo.Engineer-aiDemo2";
				PRODUCT_NAME = "$(TARGET_NAME)";
				SWIFT_VERSION = 5.0;
				TARGETED_DEVICE_FAMILY = "1,2";
			};
			name = Release;
		};
/* End XCBuildConfiguration section */

/* Begin XCConfigurationList section */
		7BA9C3B423BE178100D92985 /* Build configuration list for PBXProject "Engineer.aiDemo2" */ = {
			isa = XCConfigurationList;
			buildConfigurations = (
				7BA9C3C923BE178100D92985 /* Debug */,
				7BA9C3CA23BE178100D92985 /* Release */,
			);
			defaultConfigurationIsVisible = 0;
			defaultConfigurationName = Release;
		};
		7BA9C3CB23BE178100D92985 /* Build configuration list for PBXNativeTarget "Engineer.aiDemo2" */ = {
			isa = XCConfigurationList;
			buildConfigurations = (
				7BA9C3CC23BE178100D92985 /* Debug */,
				7BA9C3CD23BE178100D92985 /* Release */,
			);
			defaultConfigurationIsVisible = 0;
			defaultConfigurationName = Release;
		};
/* End XCConfigurationList section */
	};
	rootObject = 7BA9C3B123BE178100D92985 /* Project object */;
}
